
Microsoft Visual Studio Solution File, Format Version 12.00
# Visual Studio Version 17
VisualStudioVersion = 17.10.35122.118
MinimumVisualStudioVersion = 10.0.40219.1
Project("{FAE04EC0-301F-11D3-BF4B-00C04F79EFBC}") = "SpecFlowProject1", "SpecFlowProject1.csproj", "{0CEEDDE0-E7E2-4573-A543-4A888F44DB4D}"
EndProject
Global
	GlobalSection(SolutionConfigurationPlatforms) = preSolution
		Debug|Any CPU = Debug|Any CPU
		Release|Any CPU = Release|Any CPU
	EndGlobalSection
	GlobalSection(ProjectConfigurationPlatforms) = postSolution
		{0CEEDDE0-E7E2-4573-A543-4A888F44DB4D}.Debug|Any CPU.ActiveCfg = Debug|Any CPU
		{0CEEDDE0-E7E2-4573-A543-4A888F44DB4D}.Debug|Any CPU.Build.0 = Debug|Any CPU
		{0CEEDDE0-E7E2-4573-A543-4A888F44DB4D}.Release|Any CPU.ActiveCfg = Release|Any CPU
		{0CEEDDE0-E7E2-4573-A543-4A888F44DB4D}.Release|Any CPU.Build.0 = Release|Any CPU
	EndGlobalSection
	GlobalSection(SolutionProperties) = preSolution
		HideSolutionNode = FALSE
	EndGlobalSection
	GlobalSection(ExtensibilityGlobals) = postSolution
		SolutionGuid = {F36F3310-CF76-42B2-9CDB-FDD84D88A65A}
	EndGlobalSection
EndGlobal
